
Microsoft Visual Studio Solution File, Format Version 12.00
# Visual Studio Version 16
VisualStudioVersion = 16.0.33927.289
MinimumVisualStudioVersion = 10.0.40219.1
Project("{FAE04EC0-301F-11D3-BF4B-00C04F79EFBC}") = "ex1a", "ex1a\ex1a.csproj", "{49AE2373-5F5C-4CDF-814C-E694397EE45D}"
EndProject
Project("{FAE04EC0-301F-11D3-BF4B-00C04F79EFBC}") = "ex1b", "ex1b\ex1b.csproj", "{B0623807-1819-49F1-A594-62E01AFCB686}"
EndProject
Global
	GlobalSection(SolutionConfigurationPlatforms) = preSolution
		Debug|Any CPU = Debug|Any CPU
		Release|Any CPU = Release|Any CPU
	EndGlobalSection
	GlobalSection(ProjectConfigurationPlatforms) = postSolution
		{49AE2373-5F5C-4CDF-814C-E694397EE45D}.Debug|Any CPU.ActiveCfg = Debug|Any CPU
		{49AE2373-5F5C-4CDF-814C-E694397EE45D}.Debug|Any CPU.Build.0 = Debug|Any CPU
		{49AE2373-5F5C-4CDF-814C-E694397EE45D}.Release|Any CPU.ActiveCfg = Release|Any CPU
		{49AE2373-5F5C-4CDF-814C-E694397EE45D}.Release|Any CPU.Build.0 = Release|Any CPU
		{B0623807-1819-49F1-A594-62E01AFCB686}.Debug|Any CPU.ActiveCfg = Debug|Any CPU
		{B0623807-1819-49F1-A594-62E01AFCB686}.Debug|Any CPU.Build.0 = Debug|Any CPU
		{B0623807-1819-49F1-A594-62E01AFCB686}.Release|Any CPU.ActiveCfg = Release|Any CPU
		{B0623807-1819-49F1-A594-62E01AFCB686}.Release|Any CPU.Build.0 = Release|Any CPU
	EndGlobalSection
	GlobalSection(SolutionProperties) = preSolution
		HideSolutionNode = FALSE
	EndGlobalSection
	GlobalSection(ExtensibilityGlobals) = postSolution
		SolutionGuid = {D63BEDB2-DDA9-44E4-82F2-AD8EA0BDAE69}
	EndGlobalSection
EndGlobal
